
Microsoft Visual Studio Solution File, Format Version 12.00
# Visual Studio Version 17
VisualStudioVersion = 17.5.002.0
MinimumVisualStudioVersion = 10.0.40219.1
Project("{2150E333-8FDC-42A3-9474-1A3956D46DE8}") = "09.10", "09.10", "{DD226C37-00B8-4978-AB2D-919CC1B73C39}"
EndProject
Project("{9A19103F-16F7-4668-BE54-9A1E7A4F7556}") = "client", "09.10\client\client.csproj", "{29745982-57F2-432D-9482-A1D9CC7A93C4}"
EndProject
Project("{9A19103F-16F7-4668-BE54-9A1E7A4F7556}") = "server", "09.10\server\server.csproj", "{DB0415D7-550F-4525-9B73-595DF72C111D}"
EndProject
Project("{2150E333-8FDC-42A3-9474-1A3956D46DE8}") = "11.10", "11.10", "{F89957BF-63F6-4EA2-ADFD-72DAFD220E3B}"
EndProject
Project("{9A19103F-16F7-4668-BE54-9A1E7A4F7556}") = "1_Delegates", "11.10\1_Delegates\1_Delegates.csproj", "{FAF92B4D-974A-44EC-8CFE-79FC9950147F}"
EndProject
Project("{9A19103F-16F7-4668-BE54-9A1E7A4F7556}") = "2_Enumeration", "11.10\2_Enumeration\2_Enumeration.csproj", "{1BB0EC42-0665-46D9-AF68-8A5E995CD588}"
EndProject
Project("{9A19103F-16F7-4668-BE54-9A1E7A4F7556}") = "3_Linq", "11.10\3_Linq\3_Linq.csproj", "{A83D69A0-2C36-47F6-A3BB-C58E665498A9}"
EndProject
Project("{2150E333-8FDC-42A3-9474-1A3956D46DE8}") = "16.10", "16.10", "{FE97BBC8-BA8E-454B-A3E3-E2652E745455}"
EndProject
Project("{9A19103F-16F7-4668-BE54-9A1E7A4F7556}") = "EFExample", "16.10\EFExample\EFExample.csproj", "{51F989BF-340E-488D-9266-16FA5A553E7E}"
EndProject
Project("{9A19103F-16F7-4668-BE54-9A1E7A4F7556}") = "NpgSqlBasic", "16.10\NpgSqlBasic\NpgSqlBasic.csproj", "{F04D3252-C11D-4B2E-A859-4341D5876882}"
EndProject
Project("{2150E333-8FDC-42A3-9474-1A3956D46DE8}") = "2.1", "2.1", "{1861188A-BF4E-461B-B48D-1DD43CB0EB5C}"
EndProject
Project("{9A19103F-16F7-4668-BE54-9A1E7A4F7556}") = "2.1.1", "2.1\2.1.1\2.1.1.csproj", "{D470494C-5186-4897-82C7-CDF52E0D4485}"
EndProject
Project("{9A19103F-16F7-4668-BE54-9A1E7A4F7556}") = "2.1.2", "2.1\2.1.2\2.1.2.csproj", "{EEFCA337-2A8D-4566-96A1-2620102E550E}"
EndProject
Global
	GlobalSection(SolutionConfigurationPlatforms) = preSolution
		Debug|Any CPU = Debug|Any CPU
		Release|Any CPU = Release|Any CPU
	EndGlobalSection
	GlobalSection(ProjectConfigurationPlatforms) = postSolution
		{29745982-57F2-432D-9482-A1D9CC7A93C4}.Debug|Any CPU.ActiveCfg = Debug|Any CPU
		{29745982-57F2-432D-9482-A1D9CC7A93C4}.Debug|Any CPU.Build.0 = Debug|Any CPU
		{29745982-57F2-432D-9482-A1D9CC7A93C4}.Release|Any CPU.ActiveCfg = Release|Any CPU
		{29745982-57F2-432D-9482-A1D9CC7A93C4}.Release|Any CPU.Build.0 = Release|Any CPU
		{DB0415D7-550F-4525-9B73-595DF72C111D}.Debug|Any CPU.ActiveCfg = Debug|Any CPU
		{DB0415D7-550F-4525-9B73-595DF72C111D}.Debug|Any CPU.Build.0 = Debug|Any CPU
		{DB0415D7-550F-4525-9B73-595DF72C111D}.Release|Any CPU.ActiveCfg = Release|Any CPU
		{DB0415D7-550F-4525-9B73-595DF72C111D}.Release|Any CPU.Build.0 = Release|Any CPU
		{FAF92B4D-974A-44EC-8CFE-79FC9950147F}.Debug|Any CPU.ActiveCfg = Debug|Any CPU
		{FAF92B4D-974A-44EC-8CFE-79FC9950147F}.Debug|Any CPU.Build.0 = Debug|Any CPU
		{FAF92B4D-974A-44EC-8CFE-79FC9950147F}.Release|Any CPU.ActiveCfg = Release|Any CPU
		{FAF92B4D-974A-44EC-8CFE-79FC9950147F}.Release|Any CPU.Build.0 = Release|Any CPU
		{1BB0EC42-0665-46D9-AF68-8A5E995CD588}.Debug|Any CPU.ActiveCfg = Debug|Any CPU
		{1BB0EC42-0665-46D9-AF68-8A5E995CD588}.Debug|Any CPU.Build.0 = Debug|Any CPU
		{1BB0EC42-0665-46D9-AF68-8A5E995CD588}.Release|Any CPU.ActiveCfg = Release|Any CPU
		{1BB0EC42-0665-46D9-AF68-8A5E995CD588}.Release|Any CPU.Build.0 = Release|Any CPU
		{A83D69A0-2C36-47F6-A3BB-C58E665498A9}.Debug|Any CPU.ActiveCfg = Debug|Any CPU
		{A83D69A0-2C36-47F6-A3BB-C58E665498A9}.Debug|Any CPU.Build.0 = Debug|Any CPU
		{A83D69A0-2C36-47F6-A3BB-C58E665498A9}.Release|Any CPU.ActiveCfg = Release|Any CPU
		{A83D69A0-2C36-47F6-A3BB-C58E665498A9}.Release|Any CPU.Build.0 = Release|Any CPU
		{51F989BF-340E-488D-9266-16FA5A553E7E}.Debug|Any CPU.ActiveCfg = Debug|Any CPU
		{51F989BF-340E-488D-9266-16FA5A553E7E}.Debug|Any CPU.Build.0 = Debug|Any CPU
		{51F989BF-340E-488D-9266-16FA5A553E7E}.Release|Any CPU.ActiveCfg = Release|Any CPU
		{51F989BF-340E-488D-9266-16FA5A553E7E}.Release|Any CPU.Build.0 = Release|Any CPU
		{F04D3252-C11D-4B2E-A859-4341D5876882}.Debug|Any CPU.ActiveCfg = Debug|Any CPU
		{F04D3252-C11D-4B2E-A859-4341D5876882}.Debug|Any CPU.Build.0 = Debug|Any CPU
		{F04D3252-C11D-4B2E-A859-4341D5876882}.Release|Any CPU.ActiveCfg = Release|Any CPU
		{F04D3252-C11D-4B2E-A859-4341D5876882}.Release|Any CPU.Build.0 = Release|Any CPU
		{D470494C-5186-4897-82C7-CDF52E0D4485}.Debug|Any CPU.ActiveCfg = Debug|Any CPU
		{D470494C-5186-4897-82C7-CDF52E0D4485}.Debug|Any CPU.Build.0 = Debug|Any CPU
		{D470494C-5186-4897-82C7-CDF52E0D4485}.Release|Any CPU.ActiveCfg = Release|Any CPU
		{D470494C-5186-4897-82C7-CDF52E0D4485}.Release|Any CPU.Build.0 = Release|Any CPU
		{EEFCA337-2A8D-4566-96A1-2620102E550E}.Debug|Any CPU.ActiveCfg = Debug|Any CPU
		{EEFCA337-2A8D-4566-96A1-2620102E550E}.Debug|Any CPU.Build.0 = Debug|Any CPU
		{EEFCA337-2A8D-4566-96A1-2620102E550E}.Release|Any CPU.ActiveCfg = Release|Any CPU
		{EEFCA337-2A8D-4566-96A1-2620102E550E}.Release|Any CPU.Build.0 = Release|Any CPU
	EndGlobalSection
	GlobalSection(SolutionProperties) = preSolution
		HideSolutionNode = FALSE
	EndGlobalSection
	GlobalSection(NestedProjects) = preSolution
		{29745982-57F2-432D-9482-A1D9CC7A93C4} = {DD226C37-00B8-4978-AB2D-919CC1B73C39}
		{DB0415D7-550F-4525-9B73-595DF72C111D} = {DD226C37-00B8-4978-AB2D-919CC1B73C39}
		{FAF92B4D-974A-44EC-8CFE-79FC9950147F} = {F89957BF-63F6-4EA2-ADFD-72DAFD220E3B}
		{1BB0EC42-0665-46D9-AF68-8A5E995CD588} = {F89957BF-63F6-4EA2-ADFD-72DAFD220E3B}
		{A83D69A0-2C36-47F6-A3BB-C58E665498A9} = {F89957BF-63F6-4EA2-ADFD-72DAFD220E3B}
		{51F989BF-340E-488D-9266-16FA5A553E7E} = {FE97BBC8-BA8E-454B-A3E3-E2652E745455}
		{F04D3252-C11D-4B2E-A859-4341D5876882} = {FE97BBC8-BA8E-454B-A3E3-E2652E745455}
		{D470494C-5186-4897-82C7-CDF52E0D4485} = {1861188A-BF4E-461B-B48D-1DD43CB0EB5C}
		{EEFCA337-2A8D-4566-96A1-2620102E550E} = {1861188A-BF4E-461B-B48D-1DD43CB0EB5C}
	EndGlobalSection
	GlobalSection(ExtensibilityGlobals) = postSolution
		SolutionGuid = {D0E392E9-7EF9-44B9-84B2-B39120704529}
	EndGlobalSection
EndGlobal
